
Microsoft Visual Studio Solution File, Format Version 12.00
# Visual Studio Version 17
VisualStudioVersion = 17.10.34928.147
MinimumVisualStudioVersion = 10.0.40219.1
Project("{9A19103F-16F7-4668-BE54-9A1E7A4F7556}") = "Go.APIs", "Go.APIs\Go.APIs.csproj", "{8C6C6426-80EC-4885-936F-858972AB0744}"
EndProject
Project("{9A19103F-16F7-4668-BE54-9A1E7A4F7556}") = "Go.Core", "Go.Core\Go.Core.csproj", "{BE614333-6B26-44A6-99D0-EE255090FC2F}"
EndProject
Project("{9A19103F-16F7-4668-BE54-9A1E7A4F7556}") = "Go.Infrastructure", "Go.Infrastructure\Go.Infrastructure.csproj", "{01968E85-DC26-46A2-AAF3-E6F43315EFF5}"
EndProject
Project("{9A19103F-16F7-4668-BE54-9A1E7A4F7556}") = "Go.Application", "Go.Application\Go.Application.csproj", "{8C74CA6F-F2C3-4537-8781-157E059B2250}"
EndProject
Project("{FAE04EC0-301F-11D3-BF4B-00C04F79EFBC}") = "AdminDashBoard", "AdminDashBoard\AdminDashBoard.csproj", "{4E1378C1-8925-4DCE-BF75-41F884A5A5D7}"
EndProject
Global
	GlobalSection(SolutionConfigurationPlatforms) = preSolution
		Debug|Any CPU = Debug|Any CPU
		Release|Any CPU = Release|Any CPU
	EndGlobalSection
	GlobalSection(ProjectConfigurationPlatforms) = postSolution
		{8C6C6426-80EC-4885-936F-858972AB0744}.Debug|Any CPU.ActiveCfg = Debug|Any CPU
		{8C6C6426-80EC-4885-936F-858972AB0744}.Debug|Any CPU.Build.0 = Debug|Any CPU
		{8C6C6426-80EC-4885-936F-858972AB0744}.Release|Any CPU.ActiveCfg = Release|Any CPU
		{8C6C6426-80EC-4885-936F-858972AB0744}.Release|Any CPU.Build.0 = Release|Any CPU
		{BE614333-6B26-44A6-99D0-EE255090FC2F}.Debug|Any CPU.ActiveCfg = Debug|Any CPU
		{BE614333-6B26-44A6-99D0-EE255090FC2F}.Debug|Any CPU.Build.0 = Debug|Any CPU
		{BE614333-6B26-44A6-99D0-EE255090FC2F}.Release|Any CPU.ActiveCfg = Release|Any CPU
		{BE614333-6B26-44A6-99D0-EE255090FC2F}.Release|Any CPU.Build.0 = Release|Any CPU
		{01968E85-DC26-46A2-AAF3-E6F43315EFF5}.Debug|Any CPU.ActiveCfg = Debug|Any CPU
		{01968E85-DC26-46A2-AAF3-E6F43315EFF5}.Debug|Any CPU.Build.0 = Debug|Any CPU
		{01968E85-DC26-46A2-AAF3-E6F43315EFF5}.Release|Any CPU.ActiveCfg = Release|Any CPU
		{01968E85-DC26-46A2-AAF3-E6F43315EFF5}.Release|Any CPU.Build.0 = Release|Any CPU
		{8C74CA6F-F2C3-4537-8781-157E059B2250}.Debug|Any CPU.ActiveCfg = Debug|Any CPU
		{8C74CA6F-F2C3-4537-8781-157E059B2250}.Debug|Any CPU.Build.0 = Debug|Any CPU
		{8C74CA6F-F2C3-4537-8781-157E059B2250}.Release|Any CPU.ActiveCfg = Release|Any CPU
		{8C74CA6F-F2C3-4537-8781-157E059B2250}.Release|Any CPU.Build.0 = Release|Any CPU
		{4E1378C1-8925-4DCE-BF75-41F884A5A5D7}.Debug|Any CPU.ActiveCfg = Debug|Any CPU
		{4E1378C1-8925-4DCE-BF75-41F884A5A5D7}.Debug|Any CPU.Build.0 = Debug|Any CPU
		{4E1378C1-8925-4DCE-BF75-41F884A5A5D7}.Release|Any CPU.ActiveCfg = Release|Any CPU
		{4E1378C1-8925-4DCE-BF75-41F884A5A5D7}.Release|Any CPU.Build.0 = Release|Any CPU
	EndGlobalSection
	GlobalSection(SolutionProperties) = preSolution
		HideSolutionNode = FALSE
	EndGlobalSection
	GlobalSection(ExtensibilityGlobals) = postSolution
		SolutionGuid = {7AA5CF8B-76B3-41B7-BB07-3D38B70D132E}
	EndGlobalSection
EndGlobal
